{
  "version": "4",
  "specifiers": {
    "npm:@deno/vite-plugin@1": "1.0.0_vite@5.4.10",
    "npm:@types/express@5": "5.0.0",
    "npm:@types/node@*": "22.5.4",
    "npm:@types/react-dom@^18.3.1": "18.3.1",
    "npm:@types/react@^18.3.11": "18.3.12",
    "npm:@vitejs/plugin-react-swc@^3.7.1": "3.7.1_vite@5.4.10",
    "npm:cookie-parser@*": "1.4.7",
    "npm:express@*": "4.21.1",
    "npm:jsonwebtoken@*": "9.0.2",
    "npm:react-dom@^18.3.1": "18.3.1_react@18.3.1",
    "npm:react@^18.3.1": "18.3.1",
    "npm:vite@*": "5.4.10",
    "npm:vite@^5.4.9": "5.4.10"
  },
  "npm": {
    "@deno/vite-plugin@1.0.0_vite@5.4.10": {
      "integrity": "sha512-Q9UeWqs3s7B5lqzu1Z5QrzYAzqTj3+F9YW17tWobGRbT2G40ihwis6zK/+QgMgcG4fm3IqdIfXmpQYhkZpdMfw==",
      "dependencies": [
        "vite"
      ]
    },
    "@esbuild/aix-ppc64@0.21.5": {
      "integrity": "sha512-1SDgH6ZSPTlggy1yI6+Dbkiz8xzpHJEVAlF/AM1tHPLsf5STom9rwtjE4hKAF20FfXXNTFqEYXyJNWh1GiZedQ=="
    },
    "@esbuild/android-arm64@0.21.5": {
      "integrity": "sha512-c0uX9VAUBQ7dTDCjq+wdyGLowMdtR/GoC2U5IYk/7D1H1JYC0qseD7+11iMP2mRLN9RcCMRcjC4YMclCzGwS/A=="
    },
    "@esbuild/android-arm@0.21.5": {
      "integrity": "sha512-vCPvzSjpPHEi1siZdlvAlsPxXl7WbOVUBBAowWug4rJHb68Ox8KualB+1ocNvT5fjv6wpkX6o/iEpbDrf68zcg=="
    },
    "@esbuild/android-x64@0.21.5": {
      "integrity": "sha512-D7aPRUUNHRBwHxzxRvp856rjUHRFW1SdQATKXH2hqA0kAZb1hKmi02OpYRacl0TxIGz/ZmXWlbZgjwWYaCakTA=="
    },
    "@esbuild/darwin-arm64@0.21.5": {
      "integrity": "sha512-DwqXqZyuk5AiWWf3UfLiRDJ5EDd49zg6O9wclZ7kUMv2WRFr4HKjXp/5t8JZ11QbQfUS6/cRCKGwYhtNAY88kQ=="
    },
    "@esbuild/darwin-x64@0.21.5": {
      "integrity": "sha512-se/JjF8NlmKVG4kNIuyWMV/22ZaerB+qaSi5MdrXtd6R08kvs2qCN4C09miupktDitvh8jRFflwGFBQcxZRjbw=="
    },
    "@esbuild/freebsd-arm64@0.21.5": {
      "integrity": "sha512-5JcRxxRDUJLX8JXp/wcBCy3pENnCgBR9bN6JsY4OmhfUtIHe3ZW0mawA7+RDAcMLrMIZaf03NlQiX9DGyB8h4g=="
    },
    "@esbuild/freebsd-x64@0.21.5": {
      "integrity": "sha512-J95kNBj1zkbMXtHVH29bBriQygMXqoVQOQYA+ISs0/2l3T9/kj42ow2mpqerRBxDJnmkUDCaQT/dfNXWX/ZZCQ=="
    },
    "@esbuild/linux-arm64@0.21.5": {
      "integrity": "sha512-ibKvmyYzKsBeX8d8I7MH/TMfWDXBF3db4qM6sy+7re0YXya+K1cem3on9XgdT2EQGMu4hQyZhan7TeQ8XkGp4Q=="
    },
    "@esbuild/linux-arm@0.21.5": {
      "integrity": "sha512-bPb5AHZtbeNGjCKVZ9UGqGwo8EUu4cLq68E95A53KlxAPRmUyYv2D6F0uUI65XisGOL1hBP5mTronbgo+0bFcA=="
    },
    "@esbuild/linux-ia32@0.21.5": {
      "integrity": "sha512-YvjXDqLRqPDl2dvRODYmmhz4rPeVKYvppfGYKSNGdyZkA01046pLWyRKKI3ax8fbJoK5QbxblURkwK/MWY18Tg=="
    },
    "@esbuild/linux-loong64@0.21.5": {
      "integrity": "sha512-uHf1BmMG8qEvzdrzAqg2SIG/02+4/DHB6a9Kbya0XDvwDEKCoC8ZRWI5JJvNdUjtciBGFQ5PuBlpEOXQj+JQSg=="
    },
    "@esbuild/linux-mips64el@0.21.5": {
      "integrity": "sha512-IajOmO+KJK23bj52dFSNCMsz1QP1DqM6cwLUv3W1QwyxkyIWecfafnI555fvSGqEKwjMXVLokcV5ygHW5b3Jbg=="
    },
    "@esbuild/linux-ppc64@0.21.5": {
      "integrity": "sha512-1hHV/Z4OEfMwpLO8rp7CvlhBDnjsC3CttJXIhBi+5Aj5r+MBvy4egg7wCbe//hSsT+RvDAG7s81tAvpL2XAE4w=="
    },
    "@esbuild/linux-riscv64@0.21.5": {
      "integrity": "sha512-2HdXDMd9GMgTGrPWnJzP2ALSokE/0O5HhTUvWIbD3YdjME8JwvSCnNGBnTThKGEB91OZhzrJ4qIIxk/SBmyDDA=="
    },
    "@esbuild/linux-s390x@0.21.5": {
      "integrity": "sha512-zus5sxzqBJD3eXxwvjN1yQkRepANgxE9lgOW2qLnmr8ikMTphkjgXu1HR01K4FJg8h1kEEDAqDcZQtbrRnB41A=="
    },
    "@esbuild/linux-x64@0.21.5": {
      "integrity": "sha512-1rYdTpyv03iycF1+BhzrzQJCdOuAOtaqHTWJZCWvijKD2N5Xu0TtVC8/+1faWqcP9iBCWOmjmhoH94dH82BxPQ=="
    },
    "@esbuild/netbsd-x64@0.21.5": {
      "integrity": "sha512-Woi2MXzXjMULccIwMnLciyZH4nCIMpWQAs049KEeMvOcNADVxo0UBIQPfSmxB3CWKedngg7sWZdLvLczpe0tLg=="
    },
    "@esbuild/openbsd-x64@0.21.5": {
      "integrity": "sha512-HLNNw99xsvx12lFBUwoT8EVCsSvRNDVxNpjZ7bPn947b8gJPzeHWyNVhFsaerc0n3TsbOINvRP2byTZ5LKezow=="
    },
    "@esbuild/sunos-x64@0.21.5": {
      "integrity": "sha512-6+gjmFpfy0BHU5Tpptkuh8+uw3mnrvgs+dSPQXQOv3ekbordwnzTVEb4qnIvQcYXq6gzkyTnoZ9dZG+D4garKg=="
    },
    "@esbuild/win32-arm64@0.21.5": {
      "integrity": "sha512-Z0gOTd75VvXqyq7nsl93zwahcTROgqvuAcYDUr+vOv8uHhNSKROyU961kgtCD1e95IqPKSQKH7tBTslnS3tA8A=="
    },
    "@esbuild/win32-ia32@0.21.5": {
      "integrity": "sha512-SWXFF1CL2RVNMaVs+BBClwtfZSvDgtL//G/smwAc5oVK/UPu2Gu9tIaRgFmYFFKrmg3SyAjSrElf0TiJ1v8fYA=="
    },
    "@esbuild/win32-x64@0.21.5": {
      "integrity": "sha512-tQd/1efJuzPC6rCFwEvLtci/xNFcTZknmXs98FYDfGE4wP9ClFV98nyKrzJKVPMhdDnjzLhdUyMX4PsQAPjwIw=="
    },
    "@rollup/rollup-android-arm-eabi@4.24.3": {
      "integrity": "sha512-ufb2CH2KfBWPJok95frEZZ82LtDl0A6QKTa8MoM+cWwDZvVGl5/jNb79pIhRvAalUu+7LD91VYR0nwRD799HkQ=="
    },
    "@rollup/rollup-android-arm64@4.24.3": {
      "integrity": "sha512-iAHpft/eQk9vkWIV5t22V77d90CRofgR2006UiCjHcHJFVI1E0oBkQIAbz+pLtthFw3hWEmVB4ilxGyBf48i2Q=="
    },
    "@rollup/rollup-darwin-arm64@4.24.3": {
      "integrity": "sha512-QPW2YmkWLlvqmOa2OwrfqLJqkHm7kJCIMq9kOz40Zo9Ipi40kf9ONG5Sz76zszrmIZZ4hgRIkez69YnTHgEz1w=="
    },
    "@rollup/rollup-darwin-x64@4.24.3": {
      "integrity": "sha512-KO0pN5x3+uZm1ZXeIfDqwcvnQ9UEGN8JX5ufhmgH5Lz4ujjZMAnxQygZAVGemFWn+ZZC0FQopruV4lqmGMshow=="
    },
    "@rollup/rollup-freebsd-arm64@4.24.3": {
      "integrity": "sha512-CsC+ZdIiZCZbBI+aRlWpYJMSWvVssPuWqrDy/zi9YfnatKKSLFCe6fjna1grHuo/nVaHG+kiglpRhyBQYRTK4A=="
    },
    "@rollup/rollup-freebsd-x64@4.24.3": {
      "integrity": "sha512-F0nqiLThcfKvRQhZEzMIXOQG4EeX61im61VYL1jo4eBxv4aZRmpin6crnBJQ/nWnCsjH5F6J3W6Stdm0mBNqBg=="
    },
    "@rollup/rollup-linux-arm-gnueabihf@4.24.3": {
      "integrity": "sha512-KRSFHyE/RdxQ1CSeOIBVIAxStFC/hnBgVcaiCkQaVC+EYDtTe4X7z5tBkFyRoBgUGtB6Xg6t9t2kulnX6wJc6A=="
    },
    "@rollup/rollup-linux-arm-musleabihf@4.24.3": {
      "integrity": "sha512-h6Q8MT+e05zP5BxEKz0vi0DhthLdrNEnspdLzkoFqGwnmOzakEHSlXfVyA4HJ322QtFy7biUAVFPvIDEDQa6rw=="
    },
    "@rollup/rollup-linux-arm64-gnu@4.24.3": {
      "integrity": "sha512-fKElSyXhXIJ9pqiYRqisfirIo2Z5pTTve5K438URf08fsypXrEkVmShkSfM8GJ1aUyvjakT+fn2W7Czlpd/0FQ=="
    },
    "@rollup/rollup-linux-arm64-musl@4.24.3": {
      "integrity": "sha512-YlddZSUk8G0px9/+V9PVilVDC6ydMz7WquxozToozSnfFK6wa6ne1ATUjUvjin09jp34p84milxlY5ikueoenw=="
    },
    "@rollup/rollup-linux-powerpc64le-gnu@4.24.3": {
      "integrity": "sha512-yNaWw+GAO8JjVx3s3cMeG5Esz1cKVzz8PkTJSfYzE5u7A+NvGmbVFEHP+BikTIyYWuz0+DX9kaA3pH9Sqxp69g=="
    },
    "@rollup/rollup-linux-riscv64-gnu@4.24.3": {
      "integrity": "sha512-lWKNQfsbpv14ZCtM/HkjCTm4oWTKTfxPmr7iPfp3AHSqyoTz5AgLemYkWLwOBWc+XxBbrU9SCokZP0WlBZM9lA=="
    },
    "@rollup/rollup-linux-s390x-gnu@4.24.3": {
      "integrity": "sha512-HoojGXTC2CgCcq0Woc/dn12wQUlkNyfH0I1ABK4Ni9YXyFQa86Fkt2Q0nqgLfbhkyfQ6003i3qQk9pLh/SpAYw=="
    },
    "@rollup/rollup-linux-x64-gnu@4.24.3": {
      "integrity": "sha512-mnEOh4iE4USSccBOtcrjF5nj+5/zm6NcNhbSEfR3Ot0pxBwvEn5QVUXcuOwwPkapDtGZ6pT02xLoPaNv06w7KQ=="
    },
    "@rollup/rollup-linux-x64-musl@4.24.3": {
      "integrity": "sha512-rMTzawBPimBQkG9NKpNHvquIUTQPzrnPxPbCY1Xt+mFkW7pshvyIS5kYgcf74goxXOQk0CP3EoOC1zcEezKXhw=="
    },
    "@rollup/rollup-win32-arm64-msvc@4.24.3": {
      "integrity": "sha512-2lg1CE305xNvnH3SyiKwPVsTVLCg4TmNCF1z7PSHX2uZY2VbUpdkgAllVoISD7JO7zu+YynpWNSKAtOrX3AiuA=="
    },
    "@rollup/rollup-win32-ia32-msvc@4.24.3": {
      "integrity": "sha512-9SjYp1sPyxJsPWuhOCX6F4jUMXGbVVd5obVpoVEi8ClZqo52ViZewA6eFz85y8ezuOA+uJMP5A5zo6Oz4S5rVQ=="
    },
    "@rollup/rollup-win32-x64-msvc@4.24.3": {
      "integrity": "sha512-HGZgRFFYrMrP3TJlq58nR1xy8zHKId25vhmm5S9jETEfDf6xybPxsavFTJaufe2zgOGYJBskGlj49CwtEuFhWQ=="
    },
    "@swc/core-darwin-arm64@1.7.42": {
      "integrity": "sha512-fWhaCs2+8GDRIcjExVDEIfbptVrxDqG8oHkESnXgymmvqTWzWei5SOnPNMS8Q+MYsn/b++Y2bDxkcwmq35Bvxg=="
    },
    "@swc/core-darwin-x64@1.7.42": {
      "integrity": "sha512-ZaVHD2bijrlkCyD7NDzLmSK849Jgcx+6DdL4x1dScoz1slJ8GTvLtEu0JOUaaScQwA+cVlhmrmlmi9ssjbRLGQ=="
    },
    "@swc/core-linux-arm-gnueabihf@1.7.42": {
      "integrity": "sha512-iF0BJj7hVTbY/vmbvyzVTh/0W80+Q4fbOYschdUM3Bsud39TA+lSaPOefOHywkNH58EQ1z3EAxYcJOWNES7GFQ=="
    },
    "@swc/core-linux-arm64-gnu@1.7.42": {
      "integrity": "sha512-xGu8j+DOLYTLkVmsfZPJbNPW1EkiWgSucT0nOlz77bLxImukt/0+HVm2hOwHSKuArQ8C3cjahAMY3b/s4VH2ww=="
    },
    "@swc/core-linux-arm64-musl@1.7.42": {
      "integrity": "sha512-qtW3JNO7i1yHEko59xxz+jY38+tYmB96JGzj6XzygMbYJYZDYbrOpXQvKbMGNG3YeTDan7Fp2jD0dlKf7NgDPA=="
    },
    "@swc/core-linux-x64-gnu@1.7.42": {
      "integrity": "sha512-F9WY1TN+hhhtiEzZjRQziNLt36M5YprMeOBHjsLVNqwgflzleSI7ulgnlQECS8c8zESaXj3ksGduAoJYtPC1cA=="
    },
    "@swc/core-linux-x64-musl@1.7.42": {
      "integrity": "sha512-7YMdOaYKLMQ8JGfnmRDwidpLFs/6ka+80zekeM0iCVO48yLrJR36G0QGXzMjKsXI0BPhq+mboZRRENK4JfQnEA=="
    },
    "@swc/core-win32-arm64-msvc@1.7.42": {
      "integrity": "sha512-C5CYWaIZEyqPl5W/EwcJ/mLBJFHVoUEa/IwWi0b4q2fCXcSCktQGwKXOQ+d67GneiZoiq0HasgcdMmMpGS9YRQ=="
    },
    "@swc/core-win32-ia32-msvc@1.7.42": {
      "integrity": "sha512-3j47seZ5pO62mbrqvPe1iwhe2BXnM5q7iB+n2xgA38PCGYt0mnaJafqmpCXm/uYZOCMqSNynaoOWCMMZm4sqtA=="
    },
    "@swc/core-win32-x64-msvc@1.7.42": {
      "integrity": "sha512-FXl9MdeUogZLGDcLr6QIRdDVkpG0dkN4MLM4dwQ5kcAk+XfKPrQibX6M2kcfhsCx+jtBqtK7hRFReRXPWJZGbA=="
    },
    "@swc/core@1.7.42": {
      "integrity": "sha512-iQrRk3SKndQZ4ptJv1rzeQSiCYQIhMjiO97QXOlCcCoaazOLKPnLnXzU4Kv0FuBFyYfG2FE94BoR0XI2BN02qw==",
      "dependencies": [
        "@swc/core-darwin-arm64",
        "@swc/core-darwin-x64",
        "@swc/core-linux-arm-gnueabihf",
        "@swc/core-linux-arm64-gnu",
        "@swc/core-linux-arm64-musl",
        "@swc/core-linux-x64-gnu",
        "@swc/core-linux-x64-musl",
        "@swc/core-win32-arm64-msvc",
        "@swc/core-win32-ia32-msvc",
        "@swc/core-win32-x64-msvc",
        "@swc/counter",
        "@swc/types"
      ]
    },
    "@swc/counter@0.1.3": {
      "integrity": "sha512-e2BR4lsJkkRlKZ/qCHPw9ZaSxc0MVUd7gtbtaB7aMvHeJVYe8sOB8DBZkP2DtISHGSku9sCK6T6cnY0CtXrOCQ=="
    },
    "@swc/types@0.1.13": {
      "integrity": "sha512-JL7eeCk6zWCbiYQg2xQSdLXQJl8Qoc9rXmG2cEKvHe3CKwMHwHGpfOb8frzNLmbycOo6I51qxnLnn9ESf4I20Q==",
      "dependencies": [
        "@swc/counter"
      ]
    },
    "@types/body-parser@1.19.5": {
      "integrity": "sha512-fB3Zu92ucau0iQ0JMCFQE7b/dv8Ot07NI3KaZIkIUNXq82k4eBAqUaneXfleGY9JWskeS9y+u0nXMyspcuQrCg==",
      "dependencies": [
        "@types/connect",
        "@types/node"
      ]
    },
    "@types/connect@3.4.38": {
      "integrity": "sha512-K6uROf1LD88uDQqJCktA4yzL1YYAK6NgfsI0v/mTgyPKWsX1CnJ0XPSDhViejru1GcRkLWb8RlzFYJRqGUbaug==",
      "dependencies": [
        "@types/node"
      ]
    },
    "@types/estree@1.0.6": {
      "integrity": "sha512-AYnb1nQyY49te+VRAVgmzfcgjYS91mY5P0TKUDCLEM+gNnA+3T6rWITXRLYCpahpqSQbN5cE+gHpnPyXjHWxcw=="
    },
    "@types/express-serve-static-core@5.0.1": {
      "integrity": "sha512-CRICJIl0N5cXDONAdlTv5ShATZ4HEwk6kDDIW2/w9qOWKg+NU/5F8wYRWCrONad0/UKkloNSmmyN/wX4rtpbVA==",
      "dependencies": [
        "@types/node",
        "@types/qs",
        "@types/range-parser",
        "@types/send"
      ]
    },
    "@types/express@5.0.0": {
      "integrity": "sha512-DvZriSMehGHL1ZNLzi6MidnsDhUZM/x2pRdDIKdwbUNqqwHxMlRdkxtn6/EPKyqKpHqTl/4nRZsRNLpZxZRpPQ==",
      "dependencies": [
        "@types/body-parser",
        "@types/express-serve-static-core",
        "@types/qs",
        "@types/serve-static"
      ]
    },
    "@types/http-errors@2.0.4": {
      "integrity": "sha512-D0CFMMtydbJAegzOyHjtiKPLlvnm3iTZyZRSZoLq2mRhDdmLfIWOCYPfQJ4cu2erKghU++QvjcUjp/5h7hESpA=="
    },
    "@types/mime@1.3.5": {
      "integrity": "sha512-/pyBZWSLD2n0dcHE3hq8s8ZvcETHtEuF+3E7XVt0Ig2nvsVQXdghHVcEkIWjy9A0wKfTn97a/PSDYohKIlnP/w=="
    },
    "@types/node@22.5.4": {
      "integrity": "sha512-FDuKUJQm/ju9fT/SeX/6+gBzoPzlVCzfzmGkwKvRHQVxi4BntVbyIwf6a4Xn62mrvndLiml6z/UBXIdEVjQLXg==",
      "dependencies": [
        "undici-types"
      ]
    },
    "@types/prop-types@15.7.13": {
      "integrity": "sha512-hCZTSvwbzWGvhqxp/RqVqwU999pBf2vp7hzIjiYOsl8wqOmUxkQ6ddw1cV3l8811+kdUFus/q4d1Y3E3SyEifA=="
    },
    "@types/qs@6.9.16": {
      "integrity": "sha512-7i+zxXdPD0T4cKDuxCUXJ4wHcsJLwENa6Z3dCu8cfCK743OGy5Nu1RmAGqDPsoTDINVEcdXKRvR/zre+P2Ku1A=="
    },
    "@types/range-parser@1.2.7": {
      "integrity": "sha512-hKormJbkJqzQGhziax5PItDUTMAM9uE2XXQmM37dyd4hVM+5aVl7oVxMVUiVQn2oCQFN/LKCZdvSM0pFRqbSmQ=="
    },
    "@types/react-dom@18.3.1": {
      "integrity": "sha512-qW1Mfv8taImTthu4KoXgDfLuk4bydU6Q/TkADnDWWHwi4NX4BR+LWfTp2sVmTqRrsHvyDDTelgelxJ+SsejKKQ==",
      "dependencies": [
        "@types/react"
      ]
    },
    "@types/react@18.3.12": {
      "integrity": "sha512-D2wOSq/d6Agt28q7rSI3jhU7G6aiuzljDGZ2hTZHIkrTLUI+AF3WMeKkEZ9nN2fkBAlcktT6vcZjDFiIhMYEQw==",
      "dependencies": [
        "@types/prop-types",
        "csstype"
      ]
    },
    "@types/send@0.17.4": {
      "integrity": "sha512-x2EM6TJOybec7c52BX0ZspPodMsQUd5L6PRwOunVyVUhXiBSKf3AezDL8Dgvgt5o0UfKNfuA0eMLr2wLT4AiBA==",
      "dependencies": [
        "@types/mime",
        "@types/node"
      ]
    },
    "@types/serve-static@1.15.7": {
      "integrity": "sha512-W8Ym+h8nhuRwaKPaDw34QUkwsGi6Rc4yYqvKFo5rm2FUEhCFbzVWrxXUxuKK8TASjWsysJY0nsmNCGhCOIsrOw==",
      "dependencies": [
        "@types/http-errors",
        "@types/node",
        "@types/send"
      ]
    },
    "@vitejs/plugin-react-swc@3.7.1_vite@5.4.10": {
      "integrity": "sha512-vgWOY0i1EROUK0Ctg1hwhtC3SdcDjZcdit4Ups4aPkDcB1jYhmo+RMYWY87cmXMhvtD5uf8lV89j2w16vkdSVg==",
      "dependencies": [
        "@swc/core",
        "vite"
      ]
    },
    "accepts@1.3.8": {
      "integrity": "sha512-PYAthTa2m2VKxuvSD3DPC/Gy+U+sOA1LAuT8mkmRuvw+NACSaeXEQ+NHcVF7rONl6qcaxV3Uuemwawk+7+SJLw==",
      "dependencies": [
        "mime-types",
        "negotiator"
      ]
    },
    "array-flatten@1.1.1": {
      "integrity": "sha512-PCVAQswWemu6UdxsDFFX/+gVeYqKAod3D3UVm91jHwynguOwAvYPhx8nNlM++NqRcK6CxxpUafjmhIdKiHibqg=="
    },
    "body-parser@1.20.3": {
      "integrity": "sha512-7rAxByjUMqQ3/bHJy7D6OGXvx/MMc4IqBn/X0fcM1QUcAItpZrBEYhWGem+tzXH90c+G01ypMcYJBO9Y30203g==",
      "dependencies": [
        "bytes",
        "content-type",
        "debug",
        "depd",
        "destroy",
        "http-errors",
        "iconv-lite",
        "on-finished",
        "qs",
        "raw-body",
        "type-is",
        "unpipe"
      ]
    },
    "buffer-equal-constant-time@1.0.1": {
      "integrity": "sha512-zRpUiDwd/xk6ADqPMATG8vc9VPrkck7T07OIx0gnjmJAnHnTVXNQG3vfvWNuiZIkwu9KrKdA1iJKfsfTVxE6NA=="
    },
    "bytes@3.1.2": {
      "integrity": "sha512-/Nf7TyzTx6S3yRJObOAV7956r8cr2+Oj8AC5dt8wSP3BQAoeX58NoHyCU8P8zGkNXStjTSi6fzO6F0pBdcYbEg=="
    },
    "call-bind@1.0.7": {
      "integrity": "sha512-GHTSNSYICQ7scH7sZ+M2rFopRoLh8t2bLSW6BbgrtLsahOIB5iyAVJf9GjWK3cYTDaMj4XdBpM1cA6pIS0Kv2w==",
      "dependencies": [
        "es-define-property",
        "es-errors",
        "function-bind",
        "get-intrinsic",
        "set-function-length"
      ]
    },
    "content-disposition@0.5.4": {
      "integrity": "sha512-FveZTNuGw04cxlAiWbzi6zTAL/lhehaWbTtgluJh4/E95DqMwTmha3KZN1aAWA8cFIhHzMZUvLevkw5Rqk+tSQ==",
      "dependencies": [
        "safe-buffer"
      ]
    },
    "content-type@1.0.5": {
      "integrity": "sha512-nTjqfcBFEipKdXCv4YDQWCfmcLZKm81ldF0pAopTvyrFGVbcR6P/VAAd5G7N+0tTr8QqiU0tFadD6FK4NtJwOA=="
    },
    "cookie-parser@1.4.7": {
      "integrity": "sha512-nGUvgXnotP3BsjiLX2ypbQnWoGUPIIfHQNZkkC668ntrzGWEZVW70HDEB1qnNGMicPje6EttlIgzo51YSwNQGw==",
      "dependencies": [
        "cookie@0.7.2",
        "cookie-signature"
      ]
    },
    "cookie-signature@1.0.6": {
      "integrity": "sha512-QADzlaHc8icV8I7vbaJXJwod9HWYp8uCqf1xa4OfNu1T7JVxQIrUgOWtHdNDtPiywmFbiS12VjotIXLrKM3orQ=="
    },
    "cookie@0.7.1": {
      "integrity": "sha512-6DnInpx7SJ2AK3+CTUE/ZM0vWTUboZCegxhC2xiIydHR9jNuTAASBrfEpHhiGOZw/nX51bHt6YQl8jsGo4y/0w=="
    },
    "cookie@0.7.2": {
      "integrity": "sha512-yki5XnKuf750l50uGTllt6kKILY4nQ1eNIQatoXEByZ5dWgnKqbnqmTrBE5B4N7lrMJKQ2ytWMiTO2o0v6Ew/w=="
    },
    "csstype@3.1.3": {
      "integrity": "sha512-M1uQkMl8rQK/szD0LNhtqxIPLpimGm8sOBwU7lLnCpSbTyY3yeU1Vc7l4KT5zT4s/yOxHH5O7tIuuLOCnLADRw=="
    },
    "debug@2.6.9": {
      "integrity": "sha512-bC7ElrdJaJnPbAP+1EotYvqZsb3ecl5wi6Bfi6BJTUcNowp6cvspg0jXznRTKDjm/E7AdgFBVeAPVMNcKGsHMA==",
      "dependencies": [
        "ms@2.0.0"
      ]
    },
    "define-data-property@1.1.4": {
      "integrity": "sha512-rBMvIzlpA8v6E+SJZoo++HAYqsLrkg7MSfIinMPFhmkorw7X+dOXVJQs+QT69zGkzMyfDnIMN2Wid1+NbL3T+A==",
      "dependencies": [
        "es-define-property",
        "es-errors",
        "gopd"
      ]
    },
    "depd@2.0.0": {
      "integrity": "sha512-g7nH6P6dyDioJogAAGprGpCtVImJhpPk/roCzdb3fIh61/s/nPsfR6onyMwkCAR/OlC3yBC0lESvUoQEAssIrw=="
    },
    "destroy@1.2.0": {
      "integrity": "sha512-2sJGJTaXIIaR1w4iJSNoN0hnMY7Gpc/n8D4qSCJw8QqFWXf7cuAgnEHxBpweaVcPevC2l3KpjYCx3NypQQgaJg=="
    },
    "ecdsa-sig-formatter@1.0.11": {
      "integrity": "sha512-nagl3RYrbNv6kQkeJIpt6NJZy8twLB/2vtz6yN9Z4vRKHN4/QZJIEbqohALSgwKdnksuY3k5Addp5lg8sVoVcQ==",
      "dependencies": [
        "safe-buffer"
      ]
    },
    "ee-first@1.1.1": {
      "integrity": "sha512-WMwm9LhRUo+WUaRN+vRuETqG89IgZphVSNkdFgeb6sS/E4OrDIN7t48CAewSHXc6C8lefD8KKfr5vY61brQlow=="
    },
    "encodeurl@1.0.2": {
      "integrity": "sha512-TPJXq8JqFaVYm2CWmPvnP2Iyo4ZSM7/QKcSmuMLDObfpH5fi7RUGmd/rTDf+rut/saiDiQEeVTNgAmJEdAOx0w=="
    },
    "encodeurl@2.0.0": {
      "integrity": "sha512-Q0n9HRi4m6JuGIV1eFlmvJB7ZEVxu93IrMyiMsGC0lrMJMWzRgx6WGquyfQgZVb31vhGgXnfmPNNXmxnOkRBrg=="
    },
    "es-define-property@1.0.0": {
      "integrity": "sha512-jxayLKShrEqqzJ0eumQbVhTYQM27CfT1T35+gCgDFoL82JLsXqTJ76zv6A0YLOgEnLUMvLzsDsGIrl8NFpT2gQ==",
      "dependencies": [
        "get-intrinsic"
      ]
    },
    "es-errors@1.3.0": {
      "integrity": "sha512-Zf5H2Kxt2xjTvbJvP2ZWLEICxA6j+hAmMzIlypy4xcBg1vKVnx89Wy0GbS+kf5cwCVFFzdCFh2XSCFNULS6csw=="
    },
    "esbuild@0.21.5": {
      "integrity": "sha512-mg3OPMV4hXywwpoDxu3Qda5xCKQi+vCTZq8S9J/EpkhB2HzKXq4SNFZE3+NK93JYxc8VMSep+lOUSC/RVKaBqw==",
      "dependencies": [
        "@esbuild/aix-ppc64",
        "@esbuild/android-arm",
        "@esbuild/android-arm64",
        "@esbuild/android-x64",
        "@esbuild/darwin-arm64",
        "@esbuild/darwin-x64",
        "@esbuild/freebsd-arm64",
        "@esbuild/freebsd-x64",
        "@esbuild/linux-arm",
        "@esbuild/linux-arm64",
        "@esbuild/linux-ia32",
        "@esbuild/linux-loong64",
        "@esbuild/linux-mips64el",
        "@esbuild/linux-ppc64",
        "@esbuild/linux-riscv64",
        "@esbuild/linux-s390x",
        "@esbuild/linux-x64",
        "@esbuild/netbsd-x64",
        "@esbuild/openbsd-x64",
        "@esbuild/sunos-x64",
        "@esbuild/win32-arm64",
        "@esbuild/win32-ia32",
        "@esbuild/win32-x64"
      ]
    },
    "escape-html@1.0.3": {
      "integrity": "sha512-NiSupZ4OeuGwr68lGIeym/ksIZMJodUGOSCZ/FSnTxcrekbvqrgdUxlJOMpijaKZVjAJrWrGs/6Jy8OMuyj9ow=="
    },
    "etag@1.8.1": {
      "integrity": "sha512-aIL5Fx7mawVa300al2BnEE4iNvo1qETxLrPI/o05L7z6go7fCw1J6EQmbK4FmJ2AS7kgVF/KEZWufBfdClMcPg=="
    },
    "express@4.21.1": {
      "integrity": "sha512-YSFlK1Ee0/GC8QaO91tHcDxJiE/X4FbpAyQWkxAvG6AXCuR65YzK8ua6D9hvi/TzUfZMpc+BwuM1IPw8fmQBiQ==",
      "dependencies": [
        "accepts",
        "array-flatten",
        "body-parser",
        "content-disposition",
        "content-type",
        "cookie@0.7.1",
        "cookie-signature",
        "debug",
        "depd",
        "encodeurl@2.0.0",
        "escape-html",
        "etag",
        "finalhandler",
        "fresh",
        "http-errors",
        "merge-descriptors",
        "methods",
        "on-finished",
        "parseurl",
        "path-to-regexp",
        "proxy-addr",
        "qs",
        "range-parser",
        "safe-buffer",
        "send",
        "serve-static",
        "setprototypeof",
        "statuses",
        "type-is",
        "utils-merge",
        "vary"
      ]
    },
    "finalhandler@1.3.1": {
      "integrity": "sha512-6BN9trH7bp3qvnrRyzsBz+g3lZxTNZTbVO2EV1CS0WIcDbawYVdYvGflME/9QP0h0pYlCDBCTjYa9nZzMDpyxQ==",
      "dependencies": [
        "debug",
        "encodeurl@2.0.0",
        "escape-html",
        "on-finished",
        "parseurl",
        "statuses",
        "unpipe"
      ]
    },
    "forwarded@0.2.0": {
      "integrity": "sha512-buRG0fpBtRHSTCOASe6hD258tEubFoRLb4ZNA6NxMVHNw2gOcwHo9wyablzMzOA5z9xA9L1KNjk/Nt6MT9aYow=="
    },
    "fresh@0.5.2": {
      "integrity": "sha512-zJ2mQYM18rEFOudeV4GShTGIQ7RbzA7ozbU9I/XBpm7kqgMywgmylMwXHxZJmkVoYkna9d2pVXVXPdYTP9ej8Q=="
    },
    "fsevents@2.3.3": {
      "integrity": "sha512-5xoDfX+fL7faATnagmWPpbFtwh/R77WmMMqqHGS65C3vvB0YHrgF+B1YmZ3441tMj5n63k0212XNoJwzlhffQw=="
    },
    "function-bind@1.1.2": {
      "integrity": "sha512-7XHNxH7qX9xG5mIwxkhumTox/MIRNcOgDrxWsMt2pAr23WHp6MrRlN7FBSFpCpr+oVO0F744iUgR82nJMfG2SA=="
    },
    "get-intrinsic@1.2.4": {
      "integrity": "sha512-5uYhsJH8VJBTv7oslg4BznJYhDoRI6waYCxMmCdnTrcCrHA/fCFKoTFz2JKKE0HdDFUF7/oQuhzumXJK7paBRQ==",
      "dependencies": [
        "es-errors",
        "function-bind",
        "has-proto",
        "has-symbols",
        "hasown"
      ]
    },
    "gopd@1.0.1": {
      "integrity": "sha512-d65bNlIadxvpb/A2abVdlqKqV563juRnZ1Wtk6s1sIR8uNsXR70xqIzVqxVf1eTqDunwT2MkczEeaezCKTZhwA==",
      "dependencies": [
        "get-intrinsic"
      ]
    },
    "has-property-descriptors@1.0.2": {
      "integrity": "sha512-55JNKuIW+vq4Ke1BjOTjM2YctQIvCT7GFzHwmfZPGo5wnrgkid0YQtnAleFSqumZm4az3n2BS+erby5ipJdgrg==",
      "dependencies": [
        "es-define-property"
      ]
    },
    "has-proto@1.0.3": {
      "integrity": "sha512-SJ1amZAJUiZS+PhsVLf5tGydlaVB8EdFpaSO4gmiUKUOxk8qzn5AIy4ZeJUmh22znIdk/uMAUT2pl3FxzVUH+Q=="
    },
    "has-symbols@1.0.3": {
      "integrity": "sha512-l3LCuF6MgDNwTDKkdYGEihYjt5pRPbEg46rtlmnSPlUbgmB8LOIrKJbYYFBSbnPaJexMKtiPO8hmeRjRz2Td+A=="
    },
    "hasown@2.0.2": {
      "integrity": "sha512-0hJU9SCPvmMzIBdZFqNPXWa6dqh7WdH0cII9y+CyS8rG3nL48Bclra9HmKhVVUHyPWNH5Y7xDwAB7bfgSjkUMQ==",
      "dependencies": [
        "function-bind"
      ]
    },
    "http-errors@2.0.0": {
      "integrity": "sha512-FtwrG/euBzaEjYeRqOgly7G0qviiXoJWnvEH2Z1plBdXgbyjv34pHTSb9zoeHMyDy33+DWy5Wt9Wo+TURtOYSQ==",
      "dependencies": [
        "depd",
        "inherits",
        "setprototypeof",
        "statuses",
        "toidentifier"
      ]
    },
    "iconv-lite@0.4.24": {
      "integrity": "sha512-v3MXnZAcvnywkTUEZomIActle7RXXeedOR31wwl7VlyoXO4Qi9arvSenNQWne1TcRwhCL1HwLI21bEqdpj8/rA==",
      "dependencies": [
        "safer-buffer"
      ]
    },
    "inherits@2.0.4": {
      "integrity": "sha512-k/vGaX4/Yla3WzyMCvTQOXYeIHvqOKtnqBduzTHpzpQZzAskKMhZ2K+EnBiSM9zGSoIFeMpXKxa4dYeZIQqewQ=="
    },
    "ipaddr.js@1.9.1": {
      "integrity": "sha512-0KI/607xoxSToH7GjN1FfSbLoU0+btTicjsQSWQlh/hZykN8KpmMf7uYwPW3R+akZ6R/w18ZlXSHBYXiYUPO3g=="
    },
    "js-tokens@4.0.0": {
      "integrity": "sha512-RdJUflcE3cUzKiMqQgsCu06FPu9UdIJO0beYbPhHN4k6apgJtifcoCtT9bcxOpYBtpD2kCM6Sbzg4CausW/PKQ=="
    },
    "jsonwebtoken@9.0.2": {
      "integrity": "sha512-PRp66vJ865SSqOlgqS8hujT5U4AOgMfhrwYIuIhfKaoSCZcirrmASQr8CX7cUg+RMih+hgznrjp99o+W4pJLHQ==",
      "dependencies": [
        "jws",
        "lodash.includes",
        "lodash.isboolean",
        "lodash.isinteger",
        "lodash.isnumber",
        "lodash.isplainobject",
        "lodash.isstring",
        "lodash.once",
        "ms@2.1.3",
        "semver"
      ]
    },
    "jwa@1.4.1": {
      "integrity": "sha512-qiLX/xhEEFKUAJ6FiBMbes3w9ATzyk5W7Hvzpa/SLYdxNtng+gcurvrI7TbACjIXlsJyr05/S1oUhZrc63evQA==",
      "dependencies": [
        "buffer-equal-constant-time",
        "ecdsa-sig-formatter",
        "safe-buffer"
      ]
    },
    "jws@3.2.2": {
      "integrity": "sha512-YHlZCB6lMTllWDtSPHz/ZXTsi8S00usEV6v1tjq8tOUZzw7DpSDWVXjXDre6ed1w/pd495ODpHZYSdkRTsa0HA==",
      "dependencies": [
        "jwa",
        "safe-buffer"
      ]
    },
    "lodash.includes@4.3.0": {
      "integrity": "sha512-W3Bx6mdkRTGtlJISOvVD/lbqjTlPPUDTMnlXZFnVwi9NKJ6tiAk6LVdlhZMm17VZisqhKcgzpO5Wz91PCt5b0w=="
    },
    "lodash.isboolean@3.0.3": {
      "integrity": "sha512-Bz5mupy2SVbPHURB98VAcw+aHh4vRV5IPNhILUCsOzRmsTmSQ17jIuqopAentWoehktxGd9e/hbIXq980/1QJg=="
    },
    "lodash.isinteger@4.0.4": {
      "integrity": "sha512-DBwtEWN2caHQ9/imiNeEA5ys1JoRtRfY3d7V9wkqtbycnAmTvRRmbHKDV4a0EYc678/dia0jrte4tjYwVBaZUA=="
    },
    "lodash.isnumber@3.0.3": {
      "integrity": "sha512-QYqzpfwO3/CWf3XP+Z+tkQsfaLL/EnUlXWVkIk5FUPc4sBdTehEqZONuyRt2P67PXAk+NXmTBcc97zw9t1FQrw=="
    },
    "lodash.isplainobject@4.0.6": {
      "integrity": "sha512-oSXzaWypCMHkPC3NvBEaPHf0KsA5mvPrOPgQWDsbg8n7orZ290M0BmC/jgRZ4vcJ6DTAhjrsSYgdsW/F+MFOBA=="
    },
    "lodash.isstring@4.0.1": {
      "integrity": "sha512-0wJxfxH1wgO3GrbuP+dTTk7op+6L41QCXbGINEmD+ny/G/eCqGzxyCsh7159S+mgDDcoarnBw6PC1PS5+wUGgw=="
    },
    "lodash.once@4.1.1": {
      "integrity": "sha512-Sb487aTOCr9drQVL8pIxOzVhafOjZN9UU54hiN8PU3uAiSV7lx1yYNpbNmex2PK6dSJoNTSJUUswT651yww3Mg=="
    },
    "loose-envify@1.4.0": {
      "integrity": "sha512-lyuxPGr/Wfhrlem2CL/UcnUc1zcqKAImBDzukY7Y5F/yQiNdko6+fRLevlw1HgMySw7f611UIY408EtxRSoK3Q==",
      "dependencies": [
        "js-tokens"
      ]
    },
    "media-typer@0.3.0": {
      "integrity": "sha512-dq+qelQ9akHpcOl/gUVRTxVIOkAJ1wR3QAvb4RsVjS8oVoFjDGTc679wJYmUmknUF5HwMLOgb5O+a3KxfWapPQ=="
    },
    "merge-descriptors@1.0.3": {
      "integrity": "sha512-gaNvAS7TZ897/rVaZ0nMtAyxNyi/pdbjbAwUpFQpN70GqnVfOiXpeUUMKRBmzXaSQ8DdTX4/0ms62r2K+hE6mQ=="
    },
    "methods@1.1.2": {
      "integrity": "sha512-iclAHeNqNm68zFtnZ0e+1L2yUIdvzNoauKU4WBA3VvH/vPFieF7qfRlwUZU+DA9P9bPXIS90ulxoUoCH23sV2w=="
    },
    "mime-db@1.52.0": {
      "integrity": "sha512-sPU4uV7dYlvtWJxwwxHD0PuihVNiE7TyAbQ5SWxDCB9mUYvOgroQOwYQQOKPJ8CIbE+1ETVlOoK1UC2nU3gYvg=="
    },
    "mime-types@2.1.35": {
      "integrity": "sha512-ZDY+bPm5zTTF+YpCrAU9nK0UgICYPT0QtT1NZWFv4s++TNkcgVaT0g6+4R2uI4MjQjzysHB1zxuWL50hzaeXiw==",
      "dependencies": [
        "mime-db"
      ]
    },
    "mime@1.6.0": {
      "integrity": "sha512-x0Vn8spI+wuJ1O6S7gnbaQg8Pxh4NNHb7KSINmEWKiPE4RKOplvijn+NkmYmmRgP68mc70j2EbeTFRsrswaQeg=="
    },
    "ms@2.0.0": {
      "integrity": "sha512-Tpp60P6IUJDTuOq/5Z8cdskzJujfwqfOTkrwIwj7IRISpnkJnT6SyJ4PCPnGMoFjC9ddhal5KVIYtAt97ix05A=="
    },
    "ms@2.1.3": {
      "integrity": "sha512-6FlzubTLZG3J2a/NVCAleEhjzq5oxgHyaCU9yYXvcLsvoVaHJq/s5xXI6/XXP6tz7R9xAOtHnSO/tXtF3WRTlA=="
    },
    "nanoid@3.3.7": {
      "integrity": "sha512-eSRppjcPIatRIMC1U6UngP8XFcz8MQWGQdt1MTBQ7NaAmvXDfvNxbvWV3x2y6CdEUciCSsDHDQZbhYaB8QEo2g=="
    },
    "negotiator@0.6.3": {
      "integrity": "sha512-+EUsqGPLsM+j/zdChZjsnX51g4XrHFOIXwfnCVPGlQk/k5giakcKsuxCObBRu6DSm9opw/O6slWbJdghQM4bBg=="
    },
    "object-inspect@1.13.2": {
      "integrity": "sha512-IRZSRuzJiynemAXPYtPe5BoI/RESNYR7TYm50MC5Mqbd3Jmw5y790sErYw3V6SryFJD64b74qQQs9wn5Bg/k3g=="
    },
    "on-finished@2.4.1": {
      "integrity": "sha512-oVlzkg3ENAhCk2zdv7IJwd/QUD4z2RxRwpkcGY8psCVcCYZNq4wYnVWALHM+brtuJjePWiYF/ClmuDr8Ch5+kg==",
      "dependencies": [
        "ee-first"
      ]
    },
    "parseurl@1.3.3": {
      "integrity": "sha512-CiyeOxFT/JZyN5m0z9PfXw4SCBJ6Sygz1Dpl0wqjlhDEGGBP1GnsUVEL0p63hoG1fcj3fHynXi9NYO4nWOL+qQ=="
    },
    "path-to-regexp@0.1.10": {
      "integrity": "sha512-7lf7qcQidTku0Gu3YDPc8DJ1q7OOucfa/BSsIwjuh56VU7katFvuM8hULfkwB3Fns/rsVF7PwPKVw1sl5KQS9w=="
    },
    "picocolors@1.1.1": {
      "integrity": "sha512-xceH2snhtb5M9liqDsmEw56le376mTZkEX/jEb/RxNFyegNul7eNslCXP9FDj/Lcu0X8KEyMceP2ntpaHrDEVA=="
    },
    "postcss@8.4.47": {
      "integrity": "sha512-56rxCq7G/XfB4EkXq9Egn5GCqugWvDFjafDOThIdMBsI15iqPqR5r15TfSr1YPYeEI19YeaXMCbY6u88Y76GLQ==",
      "dependencies": [
        "nanoid",
        "picocolors",
        "source-map-js"
      ]
    },
    "proxy-addr@2.0.7": {
      "integrity": "sha512-llQsMLSUDUPT44jdrU/O37qlnifitDP+ZwrmmZcoSKyLKvtZxpyV0n2/bD/N4tBAAZ/gJEdZU7KMraoK1+XYAg==",
      "dependencies": [
        "forwarded",
        "ipaddr.js"
      ]
    },
    "qs@6.13.0": {
      "integrity": "sha512-+38qI9SOr8tfZ4QmJNplMUxqjbe7LKvvZgWdExBOmd+egZTtjLB67Gu0HRX3u/XOq7UU2Nx6nsjvS16Z9uwfpg==",
      "dependencies": [
        "side-channel"
      ]
    },
    "range-parser@1.2.1": {
      "integrity": "sha512-Hrgsx+orqoygnmhFbKaHE6c296J+HTAQXoxEF6gNupROmmGJRoyzfG3ccAveqCBrwr/2yxQ5BVd/GTl5agOwSg=="
    },
    "raw-body@2.5.2": {
      "integrity": "sha512-8zGqypfENjCIqGhgXToC8aB2r7YrBX+AQAfIPs/Mlk+BtPTztOvTS01NRW/3Eh60J+a48lt8qsCzirQ6loCVfA==",
      "dependencies": [
        "bytes",
        "http-errors",
        "iconv-lite",
        "unpipe"
      ]
    },
    "react-dom@18.3.1_react@18.3.1": {
      "integrity": "sha512-5m4nQKp+rZRb09LNH59GM4BxTh9251/ylbKIbpe7TpGxfJ+9kv6BLkLBXIjjspbgbnIBNqlI23tRnTWT0snUIw==",
      "dependencies": [
        "loose-envify",
        "react",
        "scheduler"
      ]
    },
    "react@18.3.1": {
      "integrity": "sha512-wS+hAgJShR0KhEvPJArfuPVN1+Hz1t0Y6n5jLrGQbkb4urgPE/0Rve+1kMB1v/oWgHgm4WIcV+i7F2pTVj+2iQ==",
      "dependencies": [
        "loose-envify"
      ]
    },
    "rollup@4.24.3": {
      "integrity": "sha512-HBW896xR5HGmoksbi3JBDtmVzWiPAYqp7wip50hjQ67JbDz61nyoMPdqu1DvVW9asYb2M65Z20ZHsyJCMqMyDg==",
      "dependencies": [
        "@rollup/rollup-android-arm-eabi",
        "@rollup/rollup-android-arm64",
        "@rollup/rollup-darwin-arm64",
        "@rollup/rollup-darwin-x64",
        "@rollup/rollup-freebsd-arm64",
        "@rollup/rollup-freebsd-x64",
        "@rollup/rollup-linux-arm-gnueabihf",
        "@rollup/rollup-linux-arm-musleabihf",
        "@rollup/rollup-linux-arm64-gnu",
        "@rollup/rollup-linux-arm64-musl",
        "@rollup/rollup-linux-powerpc64le-gnu",
        "@rollup/rollup-linux-riscv64-gnu",
        "@rollup/rollup-linux-s390x-gnu",
        "@rollup/rollup-linux-x64-gnu",
        "@rollup/rollup-linux-x64-musl",
        "@rollup/rollup-win32-arm64-msvc",
        "@rollup/rollup-win32-ia32-msvc",
        "@rollup/rollup-win32-x64-msvc",
        "@types/estree",
        "fsevents"
      ]
    },
    "safe-buffer@5.2.1": {
      "integrity": "sha512-rp3So07KcdmmKbGvgaNxQSJr7bGVSVk5S9Eq1F+ppbRo70+YeaDxkw5Dd8NPN+GD6bjnYm2VuPuCXmpuYvmCXQ=="
    },
    "safer-buffer@2.1.2": {
      "integrity": "sha512-YZo3K82SD7Riyi0E1EQPojLz7kpepnSQI9IyPbHHg1XXXevb5dJI7tpyN2ADxGcQbHG7vcyRHk0cbwqcQriUtg=="
    },
    "scheduler@0.23.2": {
      "integrity": "sha512-UOShsPwz7NrMUqhR6t0hWjFduvOzbtv7toDH1/hIrfRNIDBnnBWd0CwJTGvTpngVlmwGCdP9/Zl/tVrDqcuYzQ==",
      "dependencies": [
        "loose-envify"
      ]
    },
    "semver@7.6.3": {
      "integrity": "sha512-oVekP1cKtI+CTDvHWYFUcMtsK/00wmAEfyqKfNdARm8u1wNVhSgaX7A8d4UuIlUI5e84iEwOhs7ZPYRmzU9U6A=="
    },
    "send@0.19.0": {
      "integrity": "sha512-dW41u5VfLXu8SJh5bwRmyYUbAoSB3c9uQh6L8h/KtsFREPWpbX1lrljJo186Jc4nmci/sGUZ9a0a0J2zgfq2hw==",
      "dependencies": [
        "debug",
        "depd",
        "destroy",
        "encodeurl@1.0.2",
        "escape-html",
        "etag",
        "fresh",
        "http-errors",
        "mime",
        "ms@2.1.3",
        "on-finished",
        "range-parser",
        "statuses"
      ]
    },
    "serve-static@1.16.2": {
      "integrity": "sha512-VqpjJZKadQB/PEbEwvFdO43Ax5dFBZ2UECszz8bQ7pi7wt//PWe1P6MN7eCnjsatYtBT6EuiClbjSWP2WrIoTw==",
      "dependencies": [
        "encodeurl@2.0.0",
        "escape-html",
        "parseurl",
        "send"
      ]
    },
    "set-function-length@1.2.2": {
      "integrity": "sha512-pgRc4hJ4/sNjWCSS9AmnS40x3bNMDTknHgL5UaMBTMyJnU90EgWh1Rz+MC9eFu4BuN/UwZjKQuY/1v3rM7HMfg==",
      "dependencies": [
        "define-data-property",
        "es-errors",
        "function-bind",
        "get-intrinsic",
        "gopd",
        "has-property-descriptors"
      ]
    },
    "setprototypeof@1.2.0": {
      "integrity": "sha512-E5LDX7Wrp85Kil5bhZv46j8jOeboKq5JMmYM3gVGdGH8xFpPWXUMsNrlODCrkoxMEeNi/XZIwuRvY4XNwYMJpw=="
    },
    "side-channel@1.0.6": {
      "integrity": "sha512-fDW/EZ6Q9RiO8eFG8Hj+7u/oW+XrPTIChwCOM2+th2A6OblDtYYIpve9m+KvI9Z4C9qSEXlaGR6bTEYHReuglA==",
      "dependencies": [
        "call-bind",
        "es-errors",
        "get-intrinsic",
        "object-inspect"
      ]
    },
    "source-map-js@1.2.1": {
      "integrity": "sha512-UXWMKhLOwVKb728IUtQPXxfYU+usdybtUrK/8uGE8CQMvrhOpwvzDBwj0QhSL7MQc7vIsISBG8VQ8+IDQxpfQA=="
    },
    "statuses@2.0.1": {
      "integrity": "sha512-RwNA9Z/7PrK06rYLIzFMlaF+l73iwpzsqRIFgbMLbTcLD6cOao82TaWefPXQvB2fOC4AjuYSEndS7N/mTCbkdQ=="
    },
    "toidentifier@1.0.1": {
      "integrity": "sha512-o5sSPKEkg/DIQNmH43V0/uerLrpzVedkUh8tGNvaeXpfpuwjKenlSox/2O/BTlZUtEe+JG7s5YhEz608PlAHRA=="
    },
    "type-is@1.6.18": {
      "integrity": "sha512-TkRKr9sUTxEH8MdfuCSP7VizJyzRNMjj2J2do2Jr3Kym598JVdEksuzPQCnlFPW4ky9Q+iA+ma9BGm06XQBy8g==",
      "dependencies": [
        "media-typer",
        "mime-types"
      ]
    },
    "undici-types@6.19.8": {
      "integrity": "sha512-ve2KP6f/JnbPBFyobGHuerC9g1FYGn/F8n1LWTwNxCEzd6IfqTwUQcNXgEtmmQ6DlRrC1hrSrBnCZPokRrDHjw=="
    },
    "unpipe@1.0.0": {
      "integrity": "sha512-pjy2bYhSsufwWlKwPc+l3cN7+wuJlK6uz0YdJEOlQDbl6jo/YlPi4mb8agUkVC8BF7V8NuzeyPNqRksA3hztKQ=="
    },
    "utils-merge@1.0.1": {
      "integrity": "sha512-pMZTvIkT1d+TFGvDOqodOclx0QWkkgi6Tdoa8gC8ffGAAqz9pzPTZWAybbsHHoED/ztMtkv/VoYTYyShUn81hA=="
    },
    "vary@1.1.2": {
      "integrity": "sha512-BNGbWLfd0eUPabhkXUVm0j8uuvREyTh5ovRa/dyow/BqAbZJyC+5fU+IzQOzmAKzYqYRAISoRhdQr3eIZ/PXqg=="
    },
    "vite@5.4.10": {
      "integrity": "sha512-1hvaPshuPUtxeQ0hsVH3Mud0ZanOLwVTneA1EgbAM5LhaZEqyPWGRQ7BtaMvUrTDeEaC8pxtj6a6jku3x4z6SQ==",
      "dependencies": [
        "esbuild",
        "fsevents",
        "postcss",
        "rollup"
      ]
    }
  },
  "workspace": {
    "dependencies": [
      "npm:@deno/vite-plugin@1",
      "npm:@types/express@5",
      "npm:@types/react-dom@^18.3.1",
      "npm:@types/react@^18.3.11",
      "npm:@vitejs/plugin-react-swc@^3.7.1",
      "npm:react-dom@^18.3.1",
      "npm:react@^18.3.1",
      "npm:vite@^5.4.9"
    ]
  }
}
